apiVersion: sourceplane.io/v1alpha1
kind: CompositionLock
sources:
    - name: stack-tectonic
      kind: dir
      path: stack-tectonic/
      resolvedDigest: sha256:570c01c14c9bae9cae4bb9f0490edf8f148b5e8f92f6cf55ea466737195f1f88
      exports:
        - cloudflare-pages
        - cloudflare-pages-terraform
        - cloudflare-pages-turbo
        - cloudflare-pages-turbo-terraform
        - cloudflare-worker
        - cloudflare-worker-turbo
        - helm-chart
        - helm-values
        - terraform
        - turbo-package
        - workspace
