apiVersion: sourceplane.io/v1alpha1
kind: CompositionLock
sources:
    - name: stack-tectonic
      kind: dir
      path: stack-tectonic/
      resolvedDigest: sha256:af454ff5204a71f4eeeec78dc4a6fe3d9d0ae09e61e945beea30afdf376c1186
      exports:
        - cloudflare-pages
        - cloudflare-pages-terraform
        - cloudflare-pages-turbo
        - cloudflare-pages-turbo-terraform
        - cloudflare-worker
        - cloudflare-worker-turbo
        - helm-chart
        - helm-values
        - terraform
        - turbo-package
        - workspace
