# Generated by: orun compositions lock --intent intent.yaml
# Do not edit manually. Regenerate with: orun compositions lock --intent intent.yaml
sources:
  - name: stack-tectonic
    kind: oci
    ref: oci://ghcr.io/sourceplane/stack-tectonic:0.12.0
    digest: sha256:188118f064fce98d018f41a0b877c73fecd50b4d3ad099398ea87afc9b37d586
    exports:
      - cloudflare-pages
      - cloudflare-pages-terraform
      - cloudflare-pages-turbo
      - cloudflare-pages-turbo-terraform
      - cloudflare-worker
      - cloudflare-worker-turbo
      - helm-chart
      - helm-values
      - terraform
      - turbo-package
      - workspace
