apiVersion: kiox.io/v1
kind: WorkspaceLock
metadata:
    name: example-platform
providers:
    - alias: orun
      provider: sourceplane/orun
      source: ghcr.io/sourceplane/orun:v1.18.0
      version: v1.18.0
      resolved: ghcr.io/sourceplane/orun@sha256:18f5774bd8c22e82e34aad4bcf50e693e5696532a5e111e7d7133938d46d5b28
      store: c61c514e02af479b6905f8f3b23bcbffc8edb59e2402dfee5f6cc64e1b423482
