apiVersion: kiox.io/v1
kind: WorkspaceLock
metadata:
    name: example-platform
providers:
    - alias: orun
      provider: sourceplane/orun
      source: ghcr.io/sourceplane/orun:v1.13.1
      version: v1.13.1
      resolved: ghcr.io/sourceplane/orun@sha256:b488061de49bdd1e3cced9be766908b5e451a85f4da4d828faa47b3214105023
      store: 33e7859ecd50fd62f4b16831a7856fba5150efe0844aad2335cc2221a50f0650
