apiVersion: kiox.io/v1
kind: WorkspaceLock
metadata:
    name: example-platform
providers:
    - alias: orun
      provider: sourceplane/orun
      source: ghcr.io/sourceplane/orun:v1.23.0
      version: v1.23.0
      resolved: ghcr.io/sourceplane/orun@sha256:c58479c6ca9566b1b1a1726e5137f1cf32b913290e0e5726b2e6a9aca8ec94ac
      store: 5c857ac35a0c25ac10fb2c4f901f811f1ef1433579aa5d067dcdc06c732e8c0d
